
Microsoft Visual Studio Solution File, Format Version 12.00
# Visual Studio Version 17
VisualStudioVersion = 17.7.34202.233
MinimumVisualStudioVersion = 10.0.40219.1
Project("{2150E333-8FDC-42A3-9474-1A3956D46DE8}") = "Task0", "Task0", "{F11CF4BE-124C-4530-997F-A6870ED9E4FA}"
EndProject
Project("{FAE04EC0-301F-11D3-BF4B-00C04F79EFBC}") = "Tyuiu.SmirnovIA.Sprint4.Task0.V12", "Tyuiu.SmirnovIA.Sprint4.Task0.V12\Tyuiu.SmirnovIA.Sprint4.Task0.V12.csproj", "{27696699-F9E3-4439-989B-EE2BF953C25F}"
EndProject
Project("{FAE04EC0-301F-11D3-BF4B-00C04F79EFBC}") = "Tyuiu.SmirnovIA.Sprint4.Task0.V12.Lib", "Tyuiu.SmirnovIA.Sprint4.Task0.V12.Lib\Tyuiu.SmirnovIA.Sprint4.Task0.V12.Lib.csproj", "{977F68CC-7876-4A6A-ADFD-AF46B71B249A}"
EndProject
Project("{FAE04EC0-301F-11D3-BF4B-00C04F79EFBC}") = "Tyuiu.SmirnovIA.Sprint4.Task0.V12.Test", "Tyuiu.SmirnovIA.Sprint4.Task0.V12.Test\Tyuiu.SmirnovIA.Sprint4.Task0.V12.Test.csproj", "{B08BEADD-7FA9-4E6E-AC63-E624FAE8570E}"
EndProject
Project("{2150E333-8FDC-42A3-9474-1A3956D46DE8}") = "Task1", "Task1", "{5C4D7F97-3792-4AB9-A739-195E9B5475CF}"
EndProject
Project("{FAE04EC0-301F-11D3-BF4B-00C04F79EFBC}") = "Tyuiu.SmirnovIA.Sprint4.Task1.V7", "Tyuiu.SmirnovIA.Sprint4.Task1.V7\Tyuiu.SmirnovIA.Sprint4.Task1.V7.csproj", "{6B28D7A9-FC48-4844-A445-ED62621ACD0D}"
EndProject
Project("{FAE04EC0-301F-11D3-BF4B-00C04F79EFBC}") = "Tyuiu.SmirnovIA.Sprint4.Task1.V7.Lib", "Tyuiu.SmirnovIA.Sprint4.Task1.V7.Lib\Tyuiu.SmirnovIA.Sprint4.Task1.V7.Lib.csproj", "{41FEE7C3-21FF-44FF-A8D4-583B53FE8084}"
EndProject
Project("{FAE04EC0-301F-11D3-BF4B-00C04F79EFBC}") = "Tyuiu.SmirnovIA.Sprint4.Task1.V7.Test", "Tyuiu.SmirnovIA.Sprint4.Task1.V7.Test\Tyuiu.SmirnovIA.Sprint4.Task1.V7.Test.csproj", "{DAFA1F79-7C93-4DC2-8D4F-88A434D711FF}"
EndProject
Global
	GlobalSection(SolutionConfigurationPlatforms) = preSolution
		Debug|Any CPU = Debug|Any CPU
		Release|Any CPU = Release|Any CPU
	EndGlobalSection
	GlobalSection(ProjectConfigurationPlatforms) = postSolution
		{27696699-F9E3-4439-989B-EE2BF953C25F}.Debug|Any CPU.ActiveCfg = Debug|Any CPU
		{27696699-F9E3-4439-989B-EE2BF953C25F}.Debug|Any CPU.Build.0 = Debug|Any CPU
		{27696699-F9E3-4439-989B-EE2BF953C25F}.Release|Any CPU.ActiveCfg = Release|Any CPU
		{27696699-F9E3-4439-989B-EE2BF953C25F}.Release|Any CPU.Build.0 = Release|Any CPU
		{977F68CC-7876-4A6A-ADFD-AF46B71B249A}.Debug|Any CPU.ActiveCfg = Debug|Any CPU
		{977F68CC-7876-4A6A-ADFD-AF46B71B249A}.Debug|Any CPU.Build.0 = Debug|Any CPU
		{977F68CC-7876-4A6A-ADFD-AF46B71B249A}.Release|Any CPU.ActiveCfg = Release|Any CPU
		{977F68CC-7876-4A6A-ADFD-AF46B71B249A}.Release|Any CPU.Build.0 = Release|Any CPU
		{B08BEADD-7FA9-4E6E-AC63-E624FAE8570E}.Debug|Any CPU.ActiveCfg = Debug|Any CPU
		{B08BEADD-7FA9-4E6E-AC63-E624FAE8570E}.Debug|Any CPU.Build.0 = Debug|Any CPU
		{B08BEADD-7FA9-4E6E-AC63-E624FAE8570E}.Release|Any CPU.ActiveCfg = Release|Any CPU
		{B08BEADD-7FA9-4E6E-AC63-E624FAE8570E}.Release|Any CPU.Build.0 = Release|Any CPU
		{6B28D7A9-FC48-4844-A445-ED62621ACD0D}.Debug|Any CPU.ActiveCfg = Debug|Any CPU
		{6B28D7A9-FC48-4844-A445-ED62621ACD0D}.Debug|Any CPU.Build.0 = Debug|Any CPU
		{6B28D7A9-FC48-4844-A445-ED62621ACD0D}.Release|Any CPU.ActiveCfg = Release|Any CPU
		{6B28D7A9-FC48-4844-A445-ED62621ACD0D}.Release|Any CPU.Build.0 = Release|Any CPU
		{41FEE7C3-21FF-44FF-A8D4-583B53FE8084}.Debug|Any CPU.ActiveCfg = Debug|Any CPU
		{41FEE7C3-21FF-44FF-A8D4-583B53FE8084}.Debug|Any CPU.Build.0 = Debug|Any CPU
		{41FEE7C3-21FF-44FF-A8D4-583B53FE8084}.Release|Any CPU.ActiveCfg = Release|Any CPU
		{41FEE7C3-21FF-44FF-A8D4-583B53FE8084}.Release|Any CPU.Build.0 = Release|Any CPU
		{DAFA1F79-7C93-4DC2-8D4F-88A434D711FF}.Debug|Any CPU.ActiveCfg = Debug|Any CPU
		{DAFA1F79-7C93-4DC2-8D4F-88A434D711FF}.Debug|Any CPU.Build.0 = Debug|Any CPU
		{DAFA1F79-7C93-4DC2-8D4F-88A434D711FF}.Release|Any CPU.ActiveCfg = Release|Any CPU
		{DAFA1F79-7C93-4DC2-8D4F-88A434D711FF}.Release|Any CPU.Build.0 = Release|Any CPU
	EndGlobalSection
	GlobalSection(SolutionProperties) = preSolution
		HideSolutionNode = FALSE
	EndGlobalSection
	GlobalSection(NestedProjects) = preSolution
		{27696699-F9E3-4439-989B-EE2BF953C25F} = {F11CF4BE-124C-4530-997F-A6870ED9E4FA}
		{977F68CC-7876-4A6A-ADFD-AF46B71B249A} = {F11CF4BE-124C-4530-997F-A6870ED9E4FA}
		{B08BEADD-7FA9-4E6E-AC63-E624FAE8570E} = {F11CF4BE-124C-4530-997F-A6870ED9E4FA}
		{6B28D7A9-FC48-4844-A445-ED62621ACD0D} = {5C4D7F97-3792-4AB9-A739-195E9B5475CF}
		{41FEE7C3-21FF-44FF-A8D4-583B53FE8084} = {5C4D7F97-3792-4AB9-A739-195E9B5475CF}
		{DAFA1F79-7C93-4DC2-8D4F-88A434D711FF} = {5C4D7F97-3792-4AB9-A739-195E9B5475CF}
	EndGlobalSection
	GlobalSection(ExtensibilityGlobals) = postSolution
		SolutionGuid = {32E71F09-5BC1-4542-8F05-C0A15F2C7D00}
	EndGlobalSection
EndGlobal
