
Microsoft Visual Studio Solution File, Format Version 12.00
# Visual Studio Version 17
VisualStudioVersion = 17.7.34202.233
MinimumVisualStudioVersion = 10.0.40219.1
Project("{2150E333-8FDC-42A3-9474-1A3956D46DE8}") = "Task0", "Task0", "{F11CF4BE-124C-4530-997F-A6870ED9E4FA}"
EndProject
Project("{FAE04EC0-301F-11D3-BF4B-00C04F79EFBC}") = "Tyuiu.SmirnovIA.Sprint4.Task0.V12", "Tyuiu.SmirnovIA.Sprint4.Task0.V12\Tyuiu.SmirnovIA.Sprint4.Task0.V12.csproj", "{27696699-F9E3-4439-989B-EE2BF953C25F}"
EndProject
Project("{FAE04EC0-301F-11D3-BF4B-00C04F79EFBC}") = "Tyuiu.SmirnovIA.Sprint4.Task0.V12.Lib", "Tyuiu.SmirnovIA.Sprint4.Task0.V12.Lib\Tyuiu.SmirnovIA.Sprint4.Task0.V12.Lib.csproj", "{977F68CC-7876-4A6A-ADFD-AF46B71B249A}"
EndProject
Project("{FAE04EC0-301F-11D3-BF4B-00C04F79EFBC}") = "Tyuiu.SmirnovIA.Sprint4.Task0.V12.Test", "Tyuiu.SmirnovIA.Sprint4.Task0.V12.Test\Tyuiu.SmirnovIA.Sprint4.Task0.V12.Test.csproj", "{B08BEADD-7FA9-4E6E-AC63-E624FAE8570E}"
EndProject
Project("{2150E333-8FDC-42A3-9474-1A3956D46DE8}") = "Task1", "Task1", "{5C4D7F97-3792-4AB9-A739-195E9B5475CF}"
EndProject
Project("{FAE04EC0-301F-11D3-BF4B-00C04F79EFBC}") = "Tyuiu.SmirnovIA.Sprint4.Task1.V7", "Tyuiu.SmirnovIA.Sprint4.Task1.V7\Tyuiu.SmirnovIA.Sprint4.Task1.V7.csproj", "{6B28D7A9-FC48-4844-A445-ED62621ACD0D}"
EndProject
Project("{FAE04EC0-301F-11D3-BF4B-00C04F79EFBC}") = "Tyuiu.SmirnovIA.Sprint4.Task1.V7.Lib", "Tyuiu.SmirnovIA.Sprint4.Task1.V7.Lib\Tyuiu.SmirnovIA.Sprint4.Task1.V7.Lib.csproj", "{41FEE7C3-21FF-44FF-A8D4-583B53FE8084}"
EndProject
Project("{FAE04EC0-301F-11D3-BF4B-00C04F79EFBC}") = "Tyuiu.SmirnovIA.Sprint4.Task1.V7.Test", "Tyuiu.SmirnovIA.Sprint4.Task1.V7.Test\Tyuiu.SmirnovIA.Sprint4.Task1.V7.Test.csproj", "{DAFA1F79-7C93-4DC2-8D4F-88A434D711FF}"
EndProject
Project("{2150E333-8FDC-42A3-9474-1A3956D46DE8}") = "Task2", "Task2", "{B1D765D1-D4AA-47D1-B244-FEC673639C34}"
EndProject
Project("{FAE04EC0-301F-11D3-BF4B-00C04F79EFBC}") = "Tyuiu.SmirnovIA.Sprint4.Task2.V10", "Tyuiu.SmirnovIA.Sprint4.Task2.V10\Tyuiu.SmirnovIA.Sprint4.Task2.V10.csproj", "{70AD2656-0504-49A8-9A35-5E64ABE88013}"
EndProject
Project("{FAE04EC0-301F-11D3-BF4B-00C04F79EFBC}") = "Tyuiu.SmirnovIA.Sprint4.Task2.V10.Lib", "Tyuiu.SmirnovIA.Sprint4.Task2.V10.Lib\Tyuiu.SmirnovIA.Sprint4.Task2.V10.Lib.csproj", "{CBC3E470-0F5F-444E-84EB-5E778BF799DD}"
EndProject
Project("{FAE04EC0-301F-11D3-BF4B-00C04F79EFBC}") = "Tyuiu.SmirnovIA.Sprint4.Task2.V10.Test", "Tyuiu.SmirnovIA.Sprint4.Task2.V10.Test\Tyuiu.SmirnovIA.Sprint4.Task2.V10.Test.csproj", "{E699A7E5-3B65-457A-BC4F-34D236061E99}"
EndProject
Project("{2150E333-8FDC-42A3-9474-1A3956D46DE8}") = "Task3", "Task3", "{B3CA9DCD-7CA2-4F4A-850A-1CD3ADDC29F6}"
EndProject
Project("{FAE04EC0-301F-11D3-BF4B-00C04F79EFBC}") = "Tyuiu.SmirnovIA.Sprint4.Task3.V3", "Tyuiu.SmirnovIA.Sprint4.Task3.V3\Tyuiu.SmirnovIA.Sprint4.Task3.V3.csproj", "{80AEBA44-44D6-428F-85F4-61D84230224A}"
EndProject
Project("{FAE04EC0-301F-11D3-BF4B-00C04F79EFBC}") = "Tyuiu.SmirnovIA.Sprint4.Task3.V3.Lib", "Tyuiu.SmirnovIA.Sprint4.Task3.V3.Lib\Tyuiu.SmirnovIA.Sprint4.Task3.V3.Lib.csproj", "{05C42507-DF1D-4F63-A342-105C8FE2259D}"
EndProject
Project("{FAE04EC0-301F-11D3-BF4B-00C04F79EFBC}") = "Tyuiu.SmirnovIA.Sprint4.Task3.V3.Test", "Tyuiu.SmirnovIA.Sprint4.Task3.V3.Test\Tyuiu.SmirnovIA.Sprint4.Task3.V3.Test.csproj", "{2B4DC4A8-B322-4336-AD58-F511CD1DE81E}"
EndProject
Project("{2150E333-8FDC-42A3-9474-1A3956D46DE8}") = "Task4", "Task4", "{5D64CBC3-071E-4356-908D-96B58ACC12A0}"
EndProject
Project("{FAE04EC0-301F-11D3-BF4B-00C04F79EFBC}") = "Tyuiu.SmirnovIA.Sprint4.Task4.V11", "Tyuiu.SmirnovIA.Sprint4.Task4.V11\Tyuiu.SmirnovIA.Sprint4.Task4.V11.csproj", "{6B5BAA62-26F2-46D4-9EDD-58BC688CDA23}"
EndProject
Project("{FAE04EC0-301F-11D3-BF4B-00C04F79EFBC}") = "Tyuiu.SmirnovIA.Sprint4.Task4.V11.Lib", "Tyuiu.SmirnovIA.Sprint4.Task4.V11.Lib\Tyuiu.SmirnovIA.Sprint4.Task4.V11.Lib.csproj", "{5A66DBDB-9FA1-42DE-BBDD-29F810893891}"
EndProject
Project("{FAE04EC0-301F-11D3-BF4B-00C04F79EFBC}") = "Tyuiu.SmirnovIA.Sprint4.Task4.V11.Test", "Tyuiu.SmirnovIA.Sprint4.Task4.V11.Test\Tyuiu.SmirnovIA.Sprint4.Task4.V11.Test.csproj", "{F0F908E9-8BE4-4FF4-8A65-DBBDA84B3CD6}"
EndProject
Project("{2150E333-8FDC-42A3-9474-1A3956D46DE8}") = "Task5", "Task5", "{755797D1-E1B0-4028-BDD5-1245A9338EAD}"
EndProject
Project("{FAE04EC0-301F-11D3-BF4B-00C04F79EFBC}") = "Tyuiu.SmirnovIA.Sprint4.Task5.V3", "Tyuiu.SmirnovIA.Sprint4.Task5.V3\Tyuiu.SmirnovIA.Sprint4.Task5.V3.csproj", "{DA498B14-ABA5-49FC-88F5-9F34DA685092}"
EndProject
Project("{FAE04EC0-301F-11D3-BF4B-00C04F79EFBC}") = "Tyuiu.SmirnovIA.Sprint4.Task5.V3.Lib", "Tyuiu.SmirnovIA.Sprint4.Task5.V3.Lib\Tyuiu.SmirnovIA.Sprint4.Task5.V3.Lib.csproj", "{35DAD8BC-2AC8-4D03-91DE-7B2D02E244DD}"
EndProject
Project("{FAE04EC0-301F-11D3-BF4B-00C04F79EFBC}") = "Tyuiu.SmirnovIA.Sprint4.Task5.V3.Test", "Tyuiu.SmirnovIA.Sprint4.Task5.V3.Test\Tyuiu.SmirnovIA.Sprint4.Task5.V3.Test.csproj", "{A67EC284-E7B8-4478-B40B-D8B293DF2155}"
EndProject
Project("{2150E333-8FDC-42A3-9474-1A3956D46DE8}") = "Task6", "Task6", "{91C03C0C-BD75-450C-A728-462292BA2A6D}"
EndProject
Project("{FAE04EC0-301F-11D3-BF4B-00C04F79EFBC}") = "Tyuiu.SmirnovIA.Sprint4.Task6.V3", "Tyuiu.SmirnovIA.Sprint4.Task6.V3\Tyuiu.SmirnovIA.Sprint4.Task6.V3.csproj", "{7B186111-7BAC-49F3-8BE7-47D754DCA2F7}"
EndProject
Project("{FAE04EC0-301F-11D3-BF4B-00C04F79EFBC}") = "Tyuiu.SmirnovIA.Sprint4.Task6.V3.Lib", "Tyuiu.SmirnovIA.Sprint4.Task6.V3.Lib\Tyuiu.SmirnovIA.Sprint4.Task6.V3.Lib.csproj", "{7FA6DC11-CF09-4335-AC62-5FFF5B9D29E0}"
EndProject
Project("{FAE04EC0-301F-11D3-BF4B-00C04F79EFBC}") = "Tyuiu.SmirnovIA.Sprint4.Task6.V3.Test", "Tyuiu.SmirnovIA.Sprint4.Task6.V3.Test\Tyuiu.SmirnovIA.Sprint4.Task6.V3.Test.csproj", "{E2F82751-C5C9-4DBA-9BB2-00937F6EB878}"
EndProject
Global
	GlobalSection(SolutionConfigurationPlatforms) = preSolution
		Debug|Any CPU = Debug|Any CPU
		Release|Any CPU = Release|Any CPU
	EndGlobalSection
	GlobalSection(ProjectConfigurationPlatforms) = postSolution
		{27696699-F9E3-4439-989B-EE2BF953C25F}.Debug|Any CPU.ActiveCfg = Debug|Any CPU
		{27696699-F9E3-4439-989B-EE2BF953C25F}.Debug|Any CPU.Build.0 = Debug|Any CPU
		{27696699-F9E3-4439-989B-EE2BF953C25F}.Release|Any CPU.ActiveCfg = Release|Any CPU
		{27696699-F9E3-4439-989B-EE2BF953C25F}.Release|Any CPU.Build.0 = Release|Any CPU
		{977F68CC-7876-4A6A-ADFD-AF46B71B249A}.Debug|Any CPU.ActiveCfg = Debug|Any CPU
		{977F68CC-7876-4A6A-ADFD-AF46B71B249A}.Debug|Any CPU.Build.0 = Debug|Any CPU
		{977F68CC-7876-4A6A-ADFD-AF46B71B249A}.Release|Any CPU.ActiveCfg = Release|Any CPU
		{977F68CC-7876-4A6A-ADFD-AF46B71B249A}.Release|Any CPU.Build.0 = Release|Any CPU
		{B08BEADD-7FA9-4E6E-AC63-E624FAE8570E}.Debug|Any CPU.ActiveCfg = Debug|Any CPU
		{B08BEADD-7FA9-4E6E-AC63-E624FAE8570E}.Debug|Any CPU.Build.0 = Debug|Any CPU
		{B08BEADD-7FA9-4E6E-AC63-E624FAE8570E}.Release|Any CPU.ActiveCfg = Release|Any CPU
		{B08BEADD-7FA9-4E6E-AC63-E624FAE8570E}.Release|Any CPU.Build.0 = Release|Any CPU
		{6B28D7A9-FC48-4844-A445-ED62621ACD0D}.Debug|Any CPU.ActiveCfg = Debug|Any CPU
		{6B28D7A9-FC48-4844-A445-ED62621ACD0D}.Debug|Any CPU.Build.0 = Debug|Any CPU
		{6B28D7A9-FC48-4844-A445-ED62621ACD0D}.Release|Any CPU.ActiveCfg = Release|Any CPU
		{6B28D7A9-FC48-4844-A445-ED62621ACD0D}.Release|Any CPU.Build.0 = Release|Any CPU
		{41FEE7C3-21FF-44FF-A8D4-583B53FE8084}.Debug|Any CPU.ActiveCfg = Debug|Any CPU
		{41FEE7C3-21FF-44FF-A8D4-583B53FE8084}.Debug|Any CPU.Build.0 = Debug|Any CPU
		{41FEE7C3-21FF-44FF-A8D4-583B53FE8084}.Release|Any CPU.ActiveCfg = Release|Any CPU
		{41FEE7C3-21FF-44FF-A8D4-583B53FE8084}.Release|Any CPU.Build.0 = Release|Any CPU
		{DAFA1F79-7C93-4DC2-8D4F-88A434D711FF}.Debug|Any CPU.ActiveCfg = Debug|Any CPU
		{DAFA1F79-7C93-4DC2-8D4F-88A434D711FF}.Debug|Any CPU.Build.0 = Debug|Any CPU
		{DAFA1F79-7C93-4DC2-8D4F-88A434D711FF}.Release|Any CPU.ActiveCfg = Release|Any CPU
		{DAFA1F79-7C93-4DC2-8D4F-88A434D711FF}.Release|Any CPU.Build.0 = Release|Any CPU
		{70AD2656-0504-49A8-9A35-5E64ABE88013}.Debug|Any CPU.ActiveCfg = Debug|Any CPU
		{70AD2656-0504-49A8-9A35-5E64ABE88013}.Debug|Any CPU.Build.0 = Debug|Any CPU
		{70AD2656-0504-49A8-9A35-5E64ABE88013}.Release|Any CPU.ActiveCfg = Release|Any CPU
		{70AD2656-0504-49A8-9A35-5E64ABE88013}.Release|Any CPU.Build.0 = Release|Any CPU
		{CBC3E470-0F5F-444E-84EB-5E778BF799DD}.Debug|Any CPU.ActiveCfg = Debug|Any CPU
		{CBC3E470-0F5F-444E-84EB-5E778BF799DD}.Debug|Any CPU.Build.0 = Debug|Any CPU
		{CBC3E470-0F5F-444E-84EB-5E778BF799DD}.Release|Any CPU.ActiveCfg = Release|Any CPU
		{CBC3E470-0F5F-444E-84EB-5E778BF799DD}.Release|Any CPU.Build.0 = Release|Any CPU
		{E699A7E5-3B65-457A-BC4F-34D236061E99}.Debug|Any CPU.ActiveCfg = Debug|Any CPU
		{E699A7E5-3B65-457A-BC4F-34D236061E99}.Debug|Any CPU.Build.0 = Debug|Any CPU
		{E699A7E5-3B65-457A-BC4F-34D236061E99}.Release|Any CPU.ActiveCfg = Release|Any CPU
		{E699A7E5-3B65-457A-BC4F-34D236061E99}.Release|Any CPU.Build.0 = Release|Any CPU
		{80AEBA44-44D6-428F-85F4-61D84230224A}.Debug|Any CPU.ActiveCfg = Debug|Any CPU
		{80AEBA44-44D6-428F-85F4-61D84230224A}.Debug|Any CPU.Build.0 = Debug|Any CPU
		{80AEBA44-44D6-428F-85F4-61D84230224A}.Release|Any CPU.ActiveCfg = Release|Any CPU
		{80AEBA44-44D6-428F-85F4-61D84230224A}.Release|Any CPU.Build.0 = Release|Any CPU
		{05C42507-DF1D-4F63-A342-105C8FE2259D}.Debug|Any CPU.ActiveCfg = Debug|Any CPU
		{05C42507-DF1D-4F63-A342-105C8FE2259D}.Debug|Any CPU.Build.0 = Debug|Any CPU
		{05C42507-DF1D-4F63-A342-105C8FE2259D}.Release|Any CPU.ActiveCfg = Release|Any CPU
		{05C42507-DF1D-4F63-A342-105C8FE2259D}.Release|Any CPU.Build.0 = Release|Any CPU
		{2B4DC4A8-B322-4336-AD58-F511CD1DE81E}.Debug|Any CPU.ActiveCfg = Debug|Any CPU
		{2B4DC4A8-B322-4336-AD58-F511CD1DE81E}.Debug|Any CPU.Build.0 = Debug|Any CPU
		{2B4DC4A8-B322-4336-AD58-F511CD1DE81E}.Release|Any CPU.ActiveCfg = Release|Any CPU
		{2B4DC4A8-B322-4336-AD58-F511CD1DE81E}.Release|Any CPU.Build.0 = Release|Any CPU
		{6B5BAA62-26F2-46D4-9EDD-58BC688CDA23}.Debug|Any CPU.ActiveCfg = Debug|Any CPU
		{6B5BAA62-26F2-46D4-9EDD-58BC688CDA23}.Debug|Any CPU.Build.0 = Debug|Any CPU
		{6B5BAA62-26F2-46D4-9EDD-58BC688CDA23}.Release|Any CPU.ActiveCfg = Release|Any CPU
		{6B5BAA62-26F2-46D4-9EDD-58BC688CDA23}.Release|Any CPU.Build.0 = Release|Any CPU
		{5A66DBDB-9FA1-42DE-BBDD-29F810893891}.Debug|Any CPU.ActiveCfg = Debug|Any CPU
		{5A66DBDB-9FA1-42DE-BBDD-29F810893891}.Debug|Any CPU.Build.0 = Debug|Any CPU
		{5A66DBDB-9FA1-42DE-BBDD-29F810893891}.Release|Any CPU.ActiveCfg = Release|Any CPU
		{5A66DBDB-9FA1-42DE-BBDD-29F810893891}.Release|Any CPU.Build.0 = Release|Any CPU
		{F0F908E9-8BE4-4FF4-8A65-DBBDA84B3CD6}.Debug|Any CPU.ActiveCfg = Debug|Any CPU
		{F0F908E9-8BE4-4FF4-8A65-DBBDA84B3CD6}.Debug|Any CPU.Build.0 = Debug|Any CPU
		{F0F908E9-8BE4-4FF4-8A65-DBBDA84B3CD6}.Release|Any CPU.ActiveCfg = Release|Any CPU
		{F0F908E9-8BE4-4FF4-8A65-DBBDA84B3CD6}.Release|Any CPU.Build.0 = Release|Any CPU
		{DA498B14-ABA5-49FC-88F5-9F34DA685092}.Debug|Any CPU.ActiveCfg = Debug|Any CPU
		{DA498B14-ABA5-49FC-88F5-9F34DA685092}.Debug|Any CPU.Build.0 = Debug|Any CPU
		{DA498B14-ABA5-49FC-88F5-9F34DA685092}.Release|Any CPU.ActiveCfg = Release|Any CPU
		{DA498B14-ABA5-49FC-88F5-9F34DA685092}.Release|Any CPU.Build.0 = Release|Any CPU
		{35DAD8BC-2AC8-4D03-91DE-7B2D02E244DD}.Debug|Any CPU.ActiveCfg = Debug|Any CPU
		{35DAD8BC-2AC8-4D03-91DE-7B2D02E244DD}.Debug|Any CPU.Build.0 = Debug|Any CPU
		{35DAD8BC-2AC8-4D03-91DE-7B2D02E244DD}.Release|Any CPU.ActiveCfg = Release|Any CPU
		{35DAD8BC-2AC8-4D03-91DE-7B2D02E244DD}.Release|Any CPU.Build.0 = Release|Any CPU
		{A67EC284-E7B8-4478-B40B-D8B293DF2155}.Debug|Any CPU.ActiveCfg = Debug|Any CPU
		{A67EC284-E7B8-4478-B40B-D8B293DF2155}.Debug|Any CPU.Build.0 = Debug|Any CPU
		{A67EC284-E7B8-4478-B40B-D8B293DF2155}.Release|Any CPU.ActiveCfg = Release|Any CPU
		{A67EC284-E7B8-4478-B40B-D8B293DF2155}.Release|Any CPU.Build.0 = Release|Any CPU
		{7B186111-7BAC-49F3-8BE7-47D754DCA2F7}.Debug|Any CPU.ActiveCfg = Debug|Any CPU
		{7B186111-7BAC-49F3-8BE7-47D754DCA2F7}.Debug|Any CPU.Build.0 = Debug|Any CPU
		{7B186111-7BAC-49F3-8BE7-47D754DCA2F7}.Release|Any CPU.ActiveCfg = Release|Any CPU
		{7B186111-7BAC-49F3-8BE7-47D754DCA2F7}.Release|Any CPU.Build.0 = Release|Any CPU
		{7FA6DC11-CF09-4335-AC62-5FFF5B9D29E0}.Debug|Any CPU.ActiveCfg = Debug|Any CPU
		{7FA6DC11-CF09-4335-AC62-5FFF5B9D29E0}.Debug|Any CPU.Build.0 = Debug|Any CPU
		{7FA6DC11-CF09-4335-AC62-5FFF5B9D29E0}.Release|Any CPU.ActiveCfg = Release|Any CPU
		{7FA6DC11-CF09-4335-AC62-5FFF5B9D29E0}.Release|Any CPU.Build.0 = Release|Any CPU
		{E2F82751-C5C9-4DBA-9BB2-00937F6EB878}.Debug|Any CPU.ActiveCfg = Debug|Any CPU
		{E2F82751-C5C9-4DBA-9BB2-00937F6EB878}.Debug|Any CPU.Build.0 = Debug|Any CPU
		{E2F82751-C5C9-4DBA-9BB2-00937F6EB878}.Release|Any CPU.ActiveCfg = Release|Any CPU
		{E2F82751-C5C9-4DBA-9BB2-00937F6EB878}.Release|Any CPU.Build.0 = Release|Any CPU
	EndGlobalSection
	GlobalSection(SolutionProperties) = preSolution
		HideSolutionNode = FALSE
	EndGlobalSection
	GlobalSection(NestedProjects) = preSolution
		{27696699-F9E3-4439-989B-EE2BF953C25F} = {F11CF4BE-124C-4530-997F-A6870ED9E4FA}
		{977F68CC-7876-4A6A-ADFD-AF46B71B249A} = {F11CF4BE-124C-4530-997F-A6870ED9E4FA}
		{B08BEADD-7FA9-4E6E-AC63-E624FAE8570E} = {F11CF4BE-124C-4530-997F-A6870ED9E4FA}
		{6B28D7A9-FC48-4844-A445-ED62621ACD0D} = {5C4D7F97-3792-4AB9-A739-195E9B5475CF}
		{41FEE7C3-21FF-44FF-A8D4-583B53FE8084} = {5C4D7F97-3792-4AB9-A739-195E9B5475CF}
		{DAFA1F79-7C93-4DC2-8D4F-88A434D711FF} = {5C4D7F97-3792-4AB9-A739-195E9B5475CF}
		{70AD2656-0504-49A8-9A35-5E64ABE88013} = {B1D765D1-D4AA-47D1-B244-FEC673639C34}
		{CBC3E470-0F5F-444E-84EB-5E778BF799DD} = {B1D765D1-D4AA-47D1-B244-FEC673639C34}
		{E699A7E5-3B65-457A-BC4F-34D236061E99} = {B1D765D1-D4AA-47D1-B244-FEC673639C34}
		{80AEBA44-44D6-428F-85F4-61D84230224A} = {B3CA9DCD-7CA2-4F4A-850A-1CD3ADDC29F6}
		{05C42507-DF1D-4F63-A342-105C8FE2259D} = {B3CA9DCD-7CA2-4F4A-850A-1CD3ADDC29F6}
		{2B4DC4A8-B322-4336-AD58-F511CD1DE81E} = {B3CA9DCD-7CA2-4F4A-850A-1CD3ADDC29F6}
		{6B5BAA62-26F2-46D4-9EDD-58BC688CDA23} = {5D64CBC3-071E-4356-908D-96B58ACC12A0}
		{5A66DBDB-9FA1-42DE-BBDD-29F810893891} = {5D64CBC3-071E-4356-908D-96B58ACC12A0}
		{F0F908E9-8BE4-4FF4-8A65-DBBDA84B3CD6} = {5D64CBC3-071E-4356-908D-96B58ACC12A0}
		{DA498B14-ABA5-49FC-88F5-9F34DA685092} = {755797D1-E1B0-4028-BDD5-1245A9338EAD}
		{35DAD8BC-2AC8-4D03-91DE-7B2D02E244DD} = {755797D1-E1B0-4028-BDD5-1245A9338EAD}
		{A67EC284-E7B8-4478-B40B-D8B293DF2155} = {755797D1-E1B0-4028-BDD5-1245A9338EAD}
		{7B186111-7BAC-49F3-8BE7-47D754DCA2F7} = {91C03C0C-BD75-450C-A728-462292BA2A6D}
		{7FA6DC11-CF09-4335-AC62-5FFF5B9D29E0} = {91C03C0C-BD75-450C-A728-462292BA2A6D}
		{E2F82751-C5C9-4DBA-9BB2-00937F6EB878} = {91C03C0C-BD75-450C-A728-462292BA2A6D}
	EndGlobalSection
	GlobalSection(ExtensibilityGlobals) = postSolution
		SolutionGuid = {32E71F09-5BC1-4542-8F05-C0A15F2C7D00}
	EndGlobalSection
EndGlobal
